
Microsoft Visual Studio Solution File, Format Version 12.00
# Visual Studio Version 17
VisualStudioVersion = 17.9.34723.18
MinimumVisualStudioVersion = 10.0.40219.1
Project("{8BC9CEB8-8B4A-11D0-8D11-00A0C91BC942}") = "Lista_Compra", "Lista_Compra\Lista_Compra.vcxproj", "{E8049797-E0BF-431B-9188-C01BF7C694FC}"
EndProject
Project("{8BC9CEB8-8B4A-11D0-8D11-00A0C91BC942}") = "LibraryClient", "LibraryClient\LibraryClient.vcxproj", "{45FC07FF-73E7-450F-9781-CA275F85E9B6}"
EndProject
Global
	GlobalSection(SolutionConfigurationPlatforms) = preSolution
		Debug|x64 = Debug|x64
		Debug|x86 = Debug|x86
		Release|x64 = Release|x64
		Release|x86 = Release|x86
	EndGlobalSection
	GlobalSection(ProjectConfigurationPlatforms) = postSolution
		{E8049797-E0BF-431B-9188-C01BF7C694FC}.Debug|x64.ActiveCfg = Debug|x64
		{E8049797-E0BF-431B-9188-C01BF7C694FC}.Debug|x64.Build.0 = Debug|x64
		{E8049797-E0BF-431B-9188-C01BF7C694FC}.Debug|x86.ActiveCfg = Debug|Win32
		{E8049797-E0BF-431B-9188-C01BF7C694FC}.Debug|x86.Build.0 = Debug|Win32
		{E8049797-E0BF-431B-9188-C01BF7C694FC}.Release|x64.ActiveCfg = Release|x64
		{E8049797-E0BF-431B-9188-C01BF7C694FC}.Release|x64.Build.0 = Release|x64
		{E8049797-E0BF-431B-9188-C01BF7C694FC}.Release|x86.ActiveCfg = Release|Win32
		{E8049797-E0BF-431B-9188-C01BF7C694FC}.Release|x86.Build.0 = Release|Win32
		{45FC07FF-73E7-450F-9781-CA275F85E9B6}.Debug|x64.ActiveCfg = Debug|x64
		{45FC07FF-73E7-450F-9781-CA275F85E9B6}.Debug|x64.Build.0 = Debug|x64
		{45FC07FF-73E7-450F-9781-CA275F85E9B6}.Debug|x86.ActiveCfg = Debug|Win32
		{45FC07FF-73E7-450F-9781-CA275F85E9B6}.Debug|x86.Build.0 = Debug|Win32
		{45FC07FF-73E7-450F-9781-CA275F85E9B6}.Release|x64.ActiveCfg = Release|x64
		{45FC07FF-73E7-450F-9781-CA275F85E9B6}.Release|x64.Build.0 = Release|x64
		{45FC07FF-73E7-450F-9781-CA275F85E9B6}.Release|x86.ActiveCfg = Release|Win32
		{45FC07FF-73E7-450F-9781-CA275F85E9B6}.Release|x86.Build.0 = Release|Win32
	EndGlobalSection
	GlobalSection(SolutionProperties) = preSolution
		HideSolutionNode = FALSE
	EndGlobalSection
	GlobalSection(ExtensibilityGlobals) = postSolution
		SolutionGuid = {BDFDBE58-25B7-4929-A1CE-D6A37FE51540}
	EndGlobalSection
EndGlobal
